
Microsoft Visual Studio Solution File, Format Version 12.00
# Visual Studio Version 16
VisualStudioVersion = 16.0.29025.244
MinimumVisualStudioVersion = 10.0.40219.1
Project("{FAE04EC0-301F-11D3-BF4B-00C04F79EFBC}") = "WebApplication7viun", "WebApplication7viun\WebApplication7viun.csproj", "{6BCB619A-4BAB-4BAF-8871-48BF89967641}"
EndProject
Global
	GlobalSection(SolutionConfigurationPlatforms) = preSolution
		Debug|Any CPU = Debug|Any CPU
		Release|Any CPU = Release|Any CPU
	EndGlobalSection
	GlobalSection(ProjectConfigurationPlatforms) = postSolution
		{6BCB619A-4BAB-4BAF-8871-48BF89967641}.Debug|Any CPU.ActiveCfg = Debug|Any CPU
		{6BCB619A-4BAB-4BAF-8871-48BF89967641}.Debug|Any CPU.Build.0 = Debug|Any CPU
		{6BCB619A-4BAB-4BAF-8871-48BF89967641}.Release|Any CPU.ActiveCfg = Release|Any CPU
		{6BCB619A-4BAB-4BAF-8871-48BF89967641}.Release|Any CPU.Build.0 = Release|Any CPU
	EndGlobalSection
	GlobalSection(SolutionProperties) = preSolution
		HideSolutionNode = FALSE
	EndGlobalSection
	GlobalSection(ExtensibilityGlobals) = postSolution
		SolutionGuid = {32C42E34-B09F-46E7-8503-4840AE781590}
	EndGlobalSection
EndGlobal
